version = 1
revision = 3
requires-python = ">=3.11"

[[package]]
name = "invest-tax-calc"
version = "0.1.0"
source = { virtual = "." }
dependencies = [
    { name = "pypdf" },
]

[package.metadata]
requires-dist = [{ name = "pypdf", specifier = ">=6.12.2" }]

[[package]]
name = "pypdf"
version = "6.12.2"
source = { registry = "https://pypi.org/simple" }
sdist = { url = "https://files.pythonhosted.org/packages/0a/6d/20879428577c1e57ecd41b69dc86beabf43db9287ad2e702207f8b48c751/pypdf-6.12.2.tar.gz", hash = "sha256:111669eb6680c04495ae0c113a1476e3bf93a95761d23c7406b591c80a6490b1", size = 6468184, upload-time = "2026-05-26T13:31:26.911Z" }
wheels = [
    { url = "https://files.pythonhosted.org/packages/9e/44/fee070a16639d9869bb6a7e0f3a1b3946da1d66f32b9260b4d19cb90d7b2/pypdf-6.12.2-py3-none-any.whl", hash = "sha256:67b2699357a1f3f4c945940ea80826349ee507c9e2577724a14b4941982c104d", size = 343865, upload-time = "2026-05-26T13:31:25.068Z" },
]
